{
  "version": 4,
  "terraform_version": "0.12.24",
  "serial": 195,
  "lineage": "83a8f9c6-342f-ac81-257b-2db63897beed",
  "outputs": {
    "api_url": {
      "value": "https://icbbx20m36.execute-api.us-west-2.amazonaws.com/test",
      "type": "string"
    }
  },
  "resources": [
    {
      "module": "module.lambda",
      "mode": "data",
      "type": "archive_file",
      "name": "actualizar",
      "provider": "provider.archive",
      "instances": [
        {
          "schema_version": 0,
          "attributes": {
            "excludes": null,
            "id": "af58f054b7ae6006d941002086db6e2f20dc0107",
            "output_base64sha256": "UR48ZtcvetbYjKozOWToueUm06v9oQmY8nnYWdp5pSg=",
            "output_md5": "31eab3411ad0ae93f3a49212950238e2",
            "output_path": "modules/services/lambda/actualizar-pais.zip",
            "output_sha": "af58f054b7ae6006d941002086db6e2f20dc0107",
            "output_size": 667,
            "source": [
              {
                "content": "from __future__ import print_function # Python 2/3 compatibility\nimport boto3\nimport json\nimport decimal\nfrom boto3.dynamodb.conditions import Key, Attr\n\n# Helper class to convert a DynamoDB item to JSON.\nclass DecimalEncoder(json.JSONEncoder):\n    def default(self, o):\n        if isinstance(o, decimal.Decimal):\n            if o % 1 \u003e 0:\n                return float(o)\n            else:\n                return int(o)\n        return super(DecimalEncoder, self).default(o)\n\ndef lambda_handler(event, context):\n\n    dynamodb = boto3.resource('dynamodb', region_name='us-west-2', endpoint_url='https://dynamodb.us-west-2.amazonaws.com')\n\n    table = dynamodb.Table('rafa-paises')\n    \n    pais = event['pais']\n    capital = event['capital']\n    try:\n        response = table.put_item(\n            Item={\n                'pais': pais,\n                'capital': capital\n            }\n        )\n        return \"Elemento \" + pais + \" ingresado correctamente.\"\n    except:\n        return \"Ha ocurrido un error en el ingreso del elemento \" + pais    \n\n\n",
                "filename": "lambda_function.py"
              }
            ],
            "source_content": null,
            "source_content_filename": null,
            "source_dir": null,
            "source_file": null,
            "type": "zip"
          }
        }
      ]
    },
    {
      "module": "module.lambda",
      "mode": "data",
      "type": "archive_file",
      "name": "consultar",
      "provider": "provider.archive",
      "instances": [
        {
          "schema_version": 0,
          "attributes": {
            "excludes": null,
            "id": "e3c5a03b484270b7010f3654f190aa94cbaf5adf",
            "output_base64sha256": "G/9Z7HV+PNcmjETKtNfvT5mfkP+qkprsOy3EOX2PWxM=",
            "output_md5": "adb90b6ca25f5af3ebd0fe5085a46f0b",
            "output_path": "modules/services/lambda/consultar-pais.zip",
            "output_sha": "e3c5a03b484270b7010f3654f190aa94cbaf5adf",
            "output_size": 669,
            "source": [
              {
                "content": "from __future__ import print_function # Python 2/3 compatibility\nimport boto3\nimport json\nimport decimal\nfrom boto3.dynamodb.conditions import Key, Attr\n\n# Helper class to convert a DynamoDB item to JSON.\nclass DecimalEncoder(json.JSONEncoder):\n    def default(self, o):\n        if isinstance(o, decimal.Decimal):\n            if o % 1 \u003e 0:\n                return float(o)\n            else:\n                return int(o)\n        return super(DecimalEncoder, self).default(o)\n\ndef lambda_handler(event, context):\n\n    dynamodb = boto3.resource('dynamodb', region_name='us-west-2', endpoint_url='https://dynamodb.us-west-2.amazonaws.com')\n\n    table = dynamodb.Table('rafa-paises')\n    pais = event['pais']\n    try:\n        response = table.query(\n            KeyConditionExpression=Key('pais').eq(pais)\n        )\n        return \"La capital de \" + response[\"Items\"][0]['pais'] +\" es: \" + response[\"Items\"][0]['capital'] \n    except:\n        return \"No existe ningun elemento relacionado con \" + pais\n    \n",
                "filename": "lambda_function.py"
              }
            ],
            "source_content": null,
            "source_content_filename": null,
            "source_dir": null,
            "source_file": null,
            "type": "zip"
          }
        }
      ]
    },
    {
      "module": "module.lambda",
      "mode": "data",
      "type": "archive_file",
      "name": "crear",
      "provider": "provider.archive",
      "instances": [
        {
          "schema_version": 0,
          "attributes": {
            "excludes": null,
            "id": "af58f054b7ae6006d941002086db6e2f20dc0107",
            "output_base64sha256": "UR48ZtcvetbYjKozOWToueUm06v9oQmY8nnYWdp5pSg=",
            "output_md5": "31eab3411ad0ae93f3a49212950238e2",
            "output_path": "modules/services/lambda/registrar-pais.zip",
            "output_sha": "af58f054b7ae6006d941002086db6e2f20dc0107",
            "output_size": 667,
            "source": [
              {
                "content": "from __future__ import print_function # Python 2/3 compatibility\nimport boto3\nimport json\nimport decimal\nfrom boto3.dynamodb.conditions import Key, Attr\n\n# Helper class to convert a DynamoDB item to JSON.\nclass DecimalEncoder(json.JSONEncoder):\n    def default(self, o):\n        if isinstance(o, decimal.Decimal):\n            if o % 1 \u003e 0:\n                return float(o)\n            else:\n                return int(o)\n        return super(DecimalEncoder, self).default(o)\n\ndef lambda_handler(event, context):\n\n    dynamodb = boto3.resource('dynamodb', region_name='us-west-2', endpoint_url='https://dynamodb.us-west-2.amazonaws.com')\n\n    table = dynamodb.Table('rafa-paises')\n    \n    pais = event['pais']\n    capital = event['capital']\n    try:\n        response = table.put_item(\n            Item={\n                'pais': pais,\n                'capital': capital\n            }\n        )\n        return \"Elemento \" + pais + \" ingresado correctamente.\"\n    except:\n        return \"Ha ocurrido un error en el ingreso del elemento \" + pais    \n\n\n",
                "filename": "lambda_function.py"
              }
            ],
            "source_content": null,
            "source_content_filename": null,
            "source_dir": null,
            "source_file": null,
            "type": "zip"
          }
        }
      ]
    },
    {
      "module": "module.lambda",
      "mode": "data",
      "type": "archive_file",
      "name": "eliminar",
      "provider": "provider.archive",
      "instances": [
        {
          "schema_version": 0,
          "attributes": {
            "excludes": null,
            "id": "b7ceb960c687568ac87fa82b075bea9e87ddd1dc",
            "output_base64sha256": "XGlEqisRW+6Z9e+AuZwv53aGeitNbixV3qmH0VAZA+0=",
            "output_md5": "463953013485e6548bd2a28df82ce278",
            "output_path": "modules/services/lambda/eliminar-pais.zip",
            "output_sha": "b7ceb960c687568ac87fa82b075bea9e87ddd1dc",
            "output_size": 690,
            "source": [
              {
                "content": "from __future__ import print_function # Python 2/3 compatibility\nimport boto3\nimport json\nimport decimal\nfrom boto3.dynamodb.conditions import Key, Attr\n\n# Helper class to convert a DynamoDB item to JSON.\nclass DecimalEncoder(json.JSONEncoder):\n    def default(self, o):\n        if isinstance(o, decimal.Decimal):\n            if o % 1 \u003e 0:\n                return float(o)\n            else:\n                return int(o)\n        return super(DecimalEncoder, self).default(o)\n\ndef lambda_handler(event, context):\n\n    dynamodb = boto3.resource('dynamodb', region_name='us-west-2', endpoint_url='https://dynamodb.us-west-2.amazonaws.com')\n\n    \n    \n    pais = event['pais']    \n    try:\n        response = table.delete_item(            \n            Key={\n                \"pais\": pais\n            },\n            ConditionExpression=\"capital = :val\",\n            ExpressionAttributeValues= {\n                \":val\": capital\n            }\n        )\n        return \"Elemento \" + pais + \" eliminado correctamente.\"\n    except:\n        return \"Ha ocurrido un error en la eliminacion del elemento \" + pais    \n\n\n",
                "filename": "lambda_function.py"
              }
            ],
            "source_content": null,
            "source_content_filename": null,
            "source_dir": null,
            "source_file": null,
            "type": "zip"
          }
        }
      ]
    },
    {
      "module": "module.apigw",
      "mode": "data",
      "type": "aws_caller_identity",
      "name": "current",
      "provider": "provider.aws",
      "instances": [
        {
          "schema_version": 0,
          "attributes": {
            "account_id": "492266378106",
            "arn": "arn:aws:sts::492266378106:assumed-role/AWSReservedSSO_Training_5002fdb166248d08/rafa5941@gmail.com",
            "id": "2020-04-07 22:52:56.754110453 +0000 UTC",
            "user_id": "AROAXFHK42N5MUHM5MKP4:rafa5941@gmail.com"
          }
        }
      ]
    },
    {
      "module": "module.lambda",
      "mode": "data",
      "type": "template_file",
      "name": "actualizar",
      "provider": "provider.template",
      "instances": [
        {
          "schema_version": 0,
          "attributes": {
            "filename": null,
            "id": "b0b66d61c1eac0d4c3a1c8ee200be1b165c5b2cfa34020a8688e290c80a5b0de",
            "rendered": "from __future__ import print_function # Python 2/3 compatibility\nimport boto3\nimport json\nimport decimal\nfrom boto3.dynamodb.conditions import Key, Attr\n\n# Helper class to convert a DynamoDB item to JSON.\nclass DecimalEncoder(json.JSONEncoder):\n    def default(self, o):\n        if isinstance(o, decimal.Decimal):\n            if o % 1 \u003e 0:\n                return float(o)\n            else:\n                return int(o)\n        return super(DecimalEncoder, self).default(o)\n\ndef lambda_handler(event, context):\n\n    dynamodb = boto3.resource('dynamodb', region_name='us-west-2', endpoint_url='https://dynamodb.us-west-2.amazonaws.com')\n\n    table = dynamodb.Table('rafa-paises')\n    \n    pais = event['pais']\n    capital = event['capital']\n    try:\n        response = table.update_item(\n            Key={\n                'pais': pais\n                \n            },\n            AttributeUpdates={\n                'capital': capital\n            }\n        )\n        return \"Elemento \" + pais + \" actualizado correctamente.\"\n    except:\n        return \"Ha ocurrido un error en la actualizacion del elemento \" + pais    \n\n\n",
            "template": "from __future__ import print_function # Python 2/3 compatibility\nimport boto3\nimport json\nimport decimal\nfrom boto3.dynamodb.conditions import Key, Attr\n\n# Helper class to convert a DynamoDB item to JSON.\nclass DecimalEncoder(json.JSONEncoder):\n    def default(self, o):\n        if isinstance(o, decimal.Decimal):\n            if o % 1 \u003e 0:\n                return float(o)\n            else:\n                return int(o)\n        return super(DecimalEncoder, self).default(o)\n\ndef lambda_handler(event, context):\n\n    dynamodb = boto3.resource('dynamodb', region_name='${aws_region}', endpoint_url='https://dynamodb.${aws_region}.amazonaws.com')\n\n    table = dynamodb.Table('${dynamodb-table-name}')\n    \n    pais = event['pais']\n    capital = event['capital']\n    try:\n        response = table.update_item(\n            Key={\n                'pais': pais\n                \n            },\n            AttributeUpdates={\n                'capital': capital\n            }\n        )\n        return \"Elemento \" + pais + \" actualizado correctamente.\"\n    except:\n        return \"Ha ocurrido un error en la actualizacion del elemento \" + pais    \n\n\n",
            "vars": {
              "aws_region": "us-west-2",
              "dynamodb-table-name": "rafa-paises"
            }
          }
        }
      ]
    },
    {
      "module": "module.lambda",
      "mode": "data",
      "type": "template_file",
      "name": "consultar",
      "provider": "provider.template",
      "instances": [
        {
          "schema_version": 0,
          "attributes": {
            "filename": null,
            "id": "b438633c742184690ef629864d19181f4e14a988042c9856adb16a3f4906733e",
            "rendered": "from __future__ import print_function # Python 2/3 compatibility\nimport boto3\nimport json\nimport decimal\nfrom boto3.dynamodb.conditions import Key, Attr\n\n# Helper class to convert a DynamoDB item to JSON.\nclass DecimalEncoder(json.JSONEncoder):\n    def default(self, o):\n        if isinstance(o, decimal.Decimal):\n            if o % 1 \u003e 0:\n                return float(o)\n            else:\n                return int(o)\n        return super(DecimalEncoder, self).default(o)\n\ndef lambda_handler(event, context):\n\n    dynamodb = boto3.resource('dynamodb', region_name='us-west-2', endpoint_url='https://dynamodb.us-west-2.amazonaws.com')\n\n    table = dynamodb.Table('rafa-paises')\n    pais = event['pais']\n    try:\n        response = table.query(\n            KeyConditionExpression=Key('pais').eq(pais)\n        )\n        return \"La capital de \" + response[\"Items\"][0]['pais'] +\" es: \" + response[\"Items\"][0]['capital'] \n    except:\n        return \"No existe ningun elemento relacionado con \" + pais\n    \n",
            "template": "from __future__ import print_function # Python 2/3 compatibility\nimport boto3\nimport json\nimport decimal\nfrom boto3.dynamodb.conditions import Key, Attr\n\n# Helper class to convert a DynamoDB item to JSON.\nclass DecimalEncoder(json.JSONEncoder):\n    def default(self, o):\n        if isinstance(o, decimal.Decimal):\n            if o % 1 \u003e 0:\n                return float(o)\n            else:\n                return int(o)\n        return super(DecimalEncoder, self).default(o)\n\ndef lambda_handler(event, context):\n\n    dynamodb = boto3.resource('dynamodb', region_name='${aws_region}', endpoint_url='https://dynamodb.${aws_region}.amazonaws.com')\n\n    table = dynamodb.Table('${dynamodb-table-name}')\n    pais = event['pais']\n    try:\n        response = table.query(\n            KeyConditionExpression=Key('pais').eq(pais)\n        )\n        return \"La capital de \" + response[\"Items\"][0]['pais'] +\" es: \" + response[\"Items\"][0]['capital'] \n    except:\n        return \"No existe ningun elemento relacionado con \" + pais\n    \n",
            "vars": {
              "aws_region": "us-west-2",
              "dynamodb-table-name": "rafa-paises"
            }
          }
        }
      ]
    },
    {
      "module": "module.lambda",
      "mode": "data",
      "type": "template_file",
      "name": "crear",
      "provider": "provider.template",
      "instances": [
        {
          "schema_version": 0,
          "attributes": {
            "filename": null,
            "id": "adf8a9811d2cee198f837cac261380f258cadab0ae7c24157b0cb3bb4366b8d9",
            "rendered": "from __future__ import print_function # Python 2/3 compatibility\nimport boto3\nimport json\nimport decimal\nfrom boto3.dynamodb.conditions import Key, Attr\n\n# Helper class to convert a DynamoDB item to JSON.\nclass DecimalEncoder(json.JSONEncoder):\n    def default(self, o):\n        if isinstance(o, decimal.Decimal):\n            if o % 1 \u003e 0:\n                return float(o)\n            else:\n                return int(o)\n        return super(DecimalEncoder, self).default(o)\n\ndef lambda_handler(event, context):\n\n    dynamodb = boto3.resource('dynamodb', region_name='us-west-2', endpoint_url='https://dynamodb.us-west-2.amazonaws.com')\n\n    table = dynamodb.Table('rafa-paises')\n    \n    pais = event['pais']\n    capital = event['capital']\n    try:\n        response = table.put_item(\n            Item={\n                'pais': pais,\n                'capital': capital\n            }\n        )\n        return \"Elemento \" + pais + \" ingresado correctamente.\"\n    except:\n        return \"Ha ocurrido un error en el ingreso del elemento \" + pais    \n\n\n",
            "template": "from __future__ import print_function # Python 2/3 compatibility\nimport boto3\nimport json\nimport decimal\nfrom boto3.dynamodb.conditions import Key, Attr\n\n# Helper class to convert a DynamoDB item to JSON.\nclass DecimalEncoder(json.JSONEncoder):\n    def default(self, o):\n        if isinstance(o, decimal.Decimal):\n            if o % 1 \u003e 0:\n                return float(o)\n            else:\n                return int(o)\n        return super(DecimalEncoder, self).default(o)\n\ndef lambda_handler(event, context):\n\n    dynamodb = boto3.resource('dynamodb', region_name='${aws_region}', endpoint_url='https://dynamodb.${aws_region}.amazonaws.com')\n\n    table = dynamodb.Table('${dynamodb-table-name}')\n    \n    pais = event['pais']\n    capital = event['capital']\n    try:\n        response = table.put_item(\n            Item={\n                'pais': pais,\n                'capital': capital\n            }\n        )\n        return \"Elemento \" + pais + \" ingresado correctamente.\"\n    except:\n        return \"Ha ocurrido un error en el ingreso del elemento \" + pais    \n\n\n",
            "vars": {
              "aws_region": "us-west-2",
              "dynamodb-table-name": "rafa-paises"
            }
          }
        }
      ]
    },
    {
      "module": "module.lambda",
      "mode": "data",
      "type": "template_file",
      "name": "eliminar",
      "provider": "provider.template",
      "instances": [
        {
          "schema_version": 0,
          "attributes": {
            "filename": null,
            "id": "ffe802003537fdb49ea253844c0ff9010882ea3aa9d6eda298e032088354a60b",
            "rendered": "from __future__ import print_function # Python 2/3 compatibility\nimport boto3\nimport json\nimport decimal\nfrom boto3.dynamodb.conditions import Key, Attr\n\n# Helper class to convert a DynamoDB item to JSON.\nclass DecimalEncoder(json.JSONEncoder):\n    def default(self, o):\n        if isinstance(o, decimal.Decimal):\n            if o % 1 \u003e 0:\n                return float(o)\n            else:\n                return int(o)\n        return super(DecimalEncoder, self).default(o)\n\ndef lambda_handler(event, context):\n\n    dynamodb = boto3.resource('dynamodb', region_name='us-west-2', endpoint_url='https://dynamodb.us-west-2.amazonaws.com')\n\n    \n    \n    pais = event['pais']    \n    try:\n        response = table.delete_item(            \n            Key={\n                \"pais\": pais\n            },\n            ConditionExpression=\"capital = :val\",\n            ExpressionAttributeValues= {\n                \":val\": capital\n            }\n        )\n        return \"Elemento \" + pais + \" eliminado correctamente.\"\n    except:\n        return \"Ha ocurrido un error en la eliminacion del elemento \" + pais    \n\n\n",
            "template": "from __future__ import print_function # Python 2/3 compatibility\nimport boto3\nimport json\nimport decimal\nfrom boto3.dynamodb.conditions import Key, Attr\n\n# Helper class to convert a DynamoDB item to JSON.\nclass DecimalEncoder(json.JSONEncoder):\n    def default(self, o):\n        if isinstance(o, decimal.Decimal):\n            if o % 1 \u003e 0:\n                return float(o)\n            else:\n                return int(o)\n        return super(DecimalEncoder, self).default(o)\n\ndef lambda_handler(event, context):\n\n    dynamodb = boto3.resource('dynamodb', region_name='${aws_region}', endpoint_url='https://dynamodb.${aws_region}.amazonaws.com')\n\n    \n    \n    pais = event['pais']    \n    try:\n        response = table.delete_item(            \n            Key={\n                \"pais\": pais\n            },\n            ConditionExpression=\"capital = :val\",\n            ExpressionAttributeValues= {\n                \":val\": capital\n            }\n        )\n        return \"Elemento \" + pais + \" eliminado correctamente.\"\n    except:\n        return \"Ha ocurrido un error en la eliminacion del elemento \" + pais    \n\n\n",
            "vars": {
              "aws_region": "us-west-2",
              "dynamodb-table-name": "rafa-paises"
            }
          }
        }
      ]
    },
    {
      "module": "module.apigw",
      "mode": "managed",
      "type": "aws_api_gateway_deployment",
      "name": "registrar",
      "provider": "provider.aws",
      "instances": [
        {
          "schema_version": 0,
          "attributes": {
            "created_date": "2020-04-07T22:53:08Z",
            "description": "",
            "execution_arn": "arn:aws:execute-api:us-west-2:492266378106:icbbx20m36/test",
            "id": "ppmnk8",
            "invoke_url": "https://icbbx20m36.execute-api.us-west-2.amazonaws.com/test",
            "rest_api_id": "icbbx20m36",
            "stage_description": null,
            "stage_name": "test",
            "variables": null
          },
          "private": "bnVsbA==",
          "dependencies": [
            "module.apigw.aws_api_gateway_integration.registrar",
            "module.apigw.aws_api_gateway_integration.registrar_root",
            "module.apigw.aws_api_gateway_rest_api.registrar"
          ]
        }
      ]
    },
    {
      "module": "module.apigw",
      "mode": "managed",
      "type": "aws_api_gateway_integration",
      "name": "registrar",
      "provider": "provider.aws",
      "instances": [
        {
          "schema_version": 0,
          "attributes": {
            "cache_key_parameters": [],
            "cache_namespace": "ju2kw5",
            "connection_id": "",
            "connection_type": "INTERNET",
            "content_handling": "",
            "credentials": "",
            "http_method": "ANY",
            "id": "agi-icbbx20m36-ju2kw5-ANY",
            "integration_http_method": "POST",
            "passthrough_behavior": "WHEN_NO_MATCH",
            "request_parameters": {},
            "request_parameters_in_json": null,
            "request_templates": {},
            "resource_id": "ju2kw5",
            "rest_api_id": "icbbx20m36",
            "timeout_milliseconds": 29000,
            "type": "AWS_PROXY",
            "uri": "arn:aws:apigateway:us-west-2:lambda:path/2015-03-31/functions/arn:aws:lambda:us-west-2:492266378106:function:registrar-pais/invocations"
          },
          "private": "bnVsbA==",
          "dependencies": [
            "module.apigw.aws_api_gateway_method.proxy",
            "module.apigw.aws_api_gateway_resource.proxy",
            "module.apigw.aws_api_gateway_rest_api.registrar",
            "module.iam.aws_iam_role.lambda-role",
            "module.lambda.aws_lambda_function.crear"
          ]
        }
      ]
    },
    {
      "module": "module.apigw",
      "mode": "managed",
      "type": "aws_api_gateway_integration",
      "name": "registrar_root",
      "provider": "provider.aws",
      "instances": [
        {
          "schema_version": 0,
          "attributes": {
            "cache_key_parameters": [],
            "cache_namespace": "56poc64q3c",
            "connection_id": "",
            "connection_type": "INTERNET",
            "content_handling": "",
            "credentials": "",
            "http_method": "ANY",
            "id": "agi-icbbx20m36-56poc64q3c-ANY",
            "integration_http_method": "POST",
            "passthrough_behavior": "WHEN_NO_MATCH",
            "request_parameters": {},
            "request_parameters_in_json": null,
            "request_templates": {},
            "resource_id": "56poc64q3c",
            "rest_api_id": "icbbx20m36",
            "timeout_milliseconds": 29000,
            "type": "AWS_PROXY",
            "uri": "arn:aws:apigateway:us-west-2:lambda:path/2015-03-31/functions/arn:aws:lambda:us-west-2:492266378106:function:registrar-pais/invocations"
          },
          "private": "bnVsbA==",
          "dependencies": [
            "module.apigw.aws_api_gateway_method.proxy_root",
            "module.apigw.aws_api_gateway_rest_api.registrar",
            "module.iam.aws_iam_role.lambda-role",
            "module.lambda.aws_lambda_function.crear"
          ]
        }
      ]
    },
    {
      "module": "module.apigw",
      "mode": "managed",
      "type": "aws_api_gateway_method",
      "name": "proxy",
      "provider": "provider.aws",
      "instances": [
        {
          "schema_version": 0,
          "attributes": {
            "api_key_required": false,
            "authorization": "NONE",
            "authorization_scopes": [],
            "authorizer_id": "",
            "http_method": "ANY",
            "id": "agm-icbbx20m36-ju2kw5-ANY",
            "request_models": {},
            "request_parameters": {},
            "request_parameters_in_json": null,
            "request_validator_id": "",
            "resource_id": "ju2kw5",
            "rest_api_id": "icbbx20m36"
          },
          "private": "bnVsbA==",
          "dependencies": [
            "module.apigw.aws_api_gateway_resource.proxy",
            "module.apigw.aws_api_gateway_rest_api.registrar"
          ]
        }
      ]
    },
    {
      "module": "module.apigw",
      "mode": "managed",
      "type": "aws_api_gateway_method",
      "name": "proxy_root",
      "provider": "provider.aws",
      "instances": [
        {
          "schema_version": 0,
          "attributes": {
            "api_key_required": false,
            "authorization": "NONE",
            "authorization_scopes": [],
            "authorizer_id": "",
            "http_method": "ANY",
            "id": "agm-icbbx20m36-56poc64q3c-ANY",
            "request_models": {},
            "request_parameters": {},
            "request_parameters_in_json": null,
            "request_validator_id": "",
            "resource_id": "56poc64q3c",
            "rest_api_id": "icbbx20m36"
          },
          "private": "bnVsbA==",
          "dependencies": [
            "module.apigw.aws_api_gateway_rest_api.registrar"
          ]
        }
      ]
    },
    {
      "module": "module.apigw",
      "mode": "managed",
      "type": "aws_api_gateway_resource",
      "name": "proxy",
      "provider": "provider.aws",
      "instances": [
        {
          "schema_version": 0,
          "attributes": {
            "id": "ju2kw5",
            "parent_id": "56poc64q3c",
            "path": "/{proxy+}",
            "path_part": "{proxy+}",
            "rest_api_id": "icbbx20m36"
          },
          "private": "bnVsbA==",
          "dependencies": [
            "module.apigw.aws_api_gateway_rest_api.registrar"
          ]
        }
      ]
    },
    {
      "module": "module.apigw",
      "mode": "managed",
      "type": "aws_api_gateway_rest_api",
      "name": "registrar",
      "provider": "provider.aws",
      "instances": [
        {
          "schema_version": 0,
          "attributes": {
            "api_key_source": "HEADER",
            "arn": "arn:aws:apigateway:us-west-2::/restapis/icbbx20m36",
            "binary_media_types": [],
            "body": null,
            "created_date": "2020-04-07T22:42:42Z",
            "description": "API GW description.",
            "endpoint_configuration": [
              {
                "types": [
                  "EDGE"
                ],
                "vpc_endpoint_ids": []
              }
            ],
            "execution_arn": "arn:aws:execute-api:us-west-2:492266378106:icbbx20m36",
            "id": "icbbx20m36",
            "minimum_compression_size": -1,
            "name": "apigw-rafa",
            "policy": "",
            "root_resource_id": "56poc64q3c",
            "tags": {}
          },
          "private": "bnVsbA=="
        }
      ]
    },
    {
      "module": "module.dynamodb",
      "mode": "managed",
      "type": "aws_dynamodb_table",
      "name": "table",
      "provider": "provider.aws",
      "instances": [
        {
          "schema_version": 1,
          "attributes": {
            "arn": "arn:aws:dynamodb:us-west-2:492266378106:table/rafa-paises",
            "attribute": [
              {
                "name": "capital",
                "type": "S"
              },
              {
                "name": "pais",
                "type": "S"
              }
            ],
            "billing_mode": "PROVISIONED",
            "global_secondary_index": [],
            "hash_key": "pais",
            "id": "rafa-paises",
            "local_secondary_index": [],
            "name": "rafa-paises",
            "point_in_time_recovery": [
              {
                "enabled": false
              }
            ],
            "range_key": "capital",
            "read_capacity": 20,
            "server_side_encryption": [],
            "stream_arn": "",
            "stream_enabled": false,
            "stream_label": "",
            "stream_view_type": "",
            "tags": {
              "Environment": "production",
              "Name": "rafa-paises"
            },
            "timeouts": null,
            "ttl": [
              {
                "attribute_name": "",
                "enabled": false
              }
            ],
            "write_capacity": 20
          },
          "private": "eyJlMmJmYjczMC1lY2FhLTExZTYtOGY4OC0zNDM2M2JjN2M0YzAiOnsiY3JlYXRlIjo2MDAwMDAwMDAwMDAsImRlbGV0ZSI6NjAwMDAwMDAwMDAwLCJ1cGRhdGUiOjM2MDAwMDAwMDAwMDB9LCJzY2hlbWFfdmVyc2lvbiI6IjEifQ=="
        }
      ]
    },
    {
      "module": "module.iam",
      "mode": "managed",
      "type": "aws_iam_role",
      "name": "lambda-role",
      "provider": "provider.aws",
      "instances": [
        {
          "schema_version": 0,
          "attributes": {
            "arn": "arn:aws:iam::492266378106:role/lambda-rafa-Role",
            "assume_role_policy": "{\"Version\":\"2012-10-17\",\"Statement\":[{\"Sid\":\"\",\"Effect\":\"Allow\",\"Principal\":{\"Service\":\"lambda.amazonaws.com\"},\"Action\":\"sts:AssumeRole\"}]}",
            "create_date": "2020-04-07T22:42:41Z",
            "description": "",
            "force_detach_policies": false,
            "id": "lambda-rafa-Role",
            "max_session_duration": 3600,
            "name": "lambda-rafa-Role",
            "name_prefix": null,
            "path": "/",
            "permissions_boundary": null,
            "tags": {},
            "unique_id": "AROAXFHK42N5DDJQDPIXI"
          },
          "private": "bnVsbA=="
        }
      ]
    },
    {
      "module": "module.iam",
      "mode": "managed",
      "type": "aws_iam_role_policy",
      "name": "DynamoDB-Policy",
      "provider": "provider.aws",
      "instances": [
        {
          "schema_version": 0,
          "attributes": {
            "id": "lambda-rafa-Role:lambda-rafa-Role-Policy",
            "name": "lambda-rafa-Role-Policy",
            "name_prefix": null,
            "policy": "{\n    \"Version\": \"2012-10-17\",\n    \"Statement\": [        \n        {\n            \"Sid\": \"SpecificTable\",\n            \"Effect\": \"Allow\",\n            \"Action\": [\n                \"dynamodb:BatchGet*\",\n                \"dynamodb:DescribeStream\",\n                \"dynamodb:DescribeTable\",\n                \"dynamodb:Get*\",\n                \"dynamodb:Query\",\n                \"dynamodb:Scan\",\n                \"dynamodb:BatchWrite*\",\n                \"dynamodb:CreateTable\",\n                \"dynamodb:Delete*\",\n                \"dynamodb:Update*\",\n                \"dynamodb:PutItem\",\n                \"dynamodb:ListStreams\"\n            ],\n            \"Resource\": \"*\"\n        }\n    ]\n}",
            "role": "lambda-rafa-Role"
          },
          "private": "bnVsbA==",
          "dependencies": [
            "module.iam.aws_iam_role.lambda-role"
          ]
        }
      ]
    },
    {
      "module": "module.lambda",
      "mode": "managed",
      "type": "aws_lambda_function",
      "name": "actualizar",
      "provider": "provider.aws",
      "instances": [
        {
          "schema_version": 0,
          "attributes": {
            "arn": "arn:aws:lambda:us-west-2:492266378106:function:actualizar-pais",
            "dead_letter_config": [],
            "description": "",
            "environment": [],
            "filename": "modules/services/lambda/actualizar-pais.zip",
            "function_name": "actualizar-pais",
            "handler": "lambda_function.lambda_handler",
            "id": "actualizar-pais",
            "invoke_arn": "arn:aws:apigateway:us-west-2:lambda:path/2015-03-31/functions/arn:aws:lambda:us-west-2:492266378106:function:actualizar-pais/invocations",
            "kms_key_arn": "",
            "last_modified": "2020-04-07T22:43:03.498+0000",
            "layers": [],
            "memory_size": 128,
            "publish": false,
            "qualified_arn": "arn:aws:lambda:us-west-2:492266378106:function:actualizar-pais:$LATEST",
            "reserved_concurrent_executions": -1,
            "role": "arn:aws:iam::492266378106:role/lambda-rafa-Role",
            "runtime": "python2.7",
            "s3_bucket": null,
            "s3_key": null,
            "s3_object_version": null,
            "source_code_hash": "UR48ZtcvetbYjKozOWToueUm06v9oQmY8nnYWdp5pSg=",
            "source_code_size": 667,
            "tags": {},
            "timeout": 3,
            "timeouts": null,
            "tracing_config": [
              {
                "mode": "PassThrough"
              }
            ],
            "version": "$LATEST",
            "vpc_config": []
          },
          "private": "eyJlMmJmYjczMC1lY2FhLTExZTYtOGY4OC0zNDM2M2JjN2M0YzAiOnsiY3JlYXRlIjo2MDAwMDAwMDAwMDB9fQ==",
          "dependencies": [
            "module.iam.aws_iam_role.lambda-role"
          ]
        }
      ]
    },
    {
      "module": "module.lambda",
      "mode": "managed",
      "type": "aws_lambda_function",
      "name": "consultar",
      "provider": "provider.aws",
      "instances": [
        {
          "schema_version": 0,
          "attributes": {
            "arn": "arn:aws:lambda:us-west-2:492266378106:function:consultar-pais",
            "dead_letter_config": [],
            "description": "",
            "environment": [],
            "filename": "modules/services/lambda/consultar-pais.zip",
            "function_name": "consultar-pais",
            "handler": "lambda_function.lambda_handler",
            "id": "consultar-pais",
            "invoke_arn": "arn:aws:apigateway:us-west-2:lambda:path/2015-03-31/functions/arn:aws:lambda:us-west-2:492266378106:function:consultar-pais/invocations",
            "kms_key_arn": "",
            "last_modified": "2020-04-07T22:43:11.867+0000",
            "layers": [],
            "memory_size": 128,
            "publish": false,
            "qualified_arn": "arn:aws:lambda:us-west-2:492266378106:function:consultar-pais:$LATEST",
            "reserved_concurrent_executions": -1,
            "role": "arn:aws:iam::492266378106:role/lambda-rafa-Role",
            "runtime": "python2.7",
            "s3_bucket": null,
            "s3_key": null,
            "s3_object_version": null,
            "source_code_hash": "G/9Z7HV+PNcmjETKtNfvT5mfkP+qkprsOy3EOX2PWxM=",
            "source_code_size": 669,
            "tags": {},
            "timeout": 3,
            "timeouts": null,
            "tracing_config": [
              {
                "mode": "PassThrough"
              }
            ],
            "version": "$LATEST",
            "vpc_config": []
          },
          "private": "eyJlMmJmYjczMC1lY2FhLTExZTYtOGY4OC0zNDM2M2JjN2M0YzAiOnsiY3JlYXRlIjo2MDAwMDAwMDAwMDB9fQ==",
          "dependencies": [
            "module.iam.aws_iam_role.lambda-role"
          ]
        }
      ]
    },
    {
      "module": "module.lambda",
      "mode": "managed",
      "type": "aws_lambda_function",
      "name": "crear",
      "provider": "provider.aws",
      "instances": [
        {
          "schema_version": 0,
          "attributes": {
            "arn": "arn:aws:lambda:us-west-2:492266378106:function:registrar-pais",
            "dead_letter_config": [],
            "description": "",
            "environment": [],
            "filename": "modules/services/lambda/registrar-pais.zip",
            "function_name": "registrar-pais",
            "handler": "lambda_function.lambda_handler",
            "id": "registrar-pais",
            "invoke_arn": "arn:aws:apigateway:us-west-2:lambda:path/2015-03-31/functions/arn:aws:lambda:us-west-2:492266378106:function:registrar-pais/invocations",
            "kms_key_arn": "",
            "last_modified": "2020-04-07T22:48:01.519+0000",
            "layers": [],
            "memory_size": 128,
            "publish": false,
            "qualified_arn": "arn:aws:lambda:us-west-2:492266378106:function:registrar-pais:$LATEST",
            "reserved_concurrent_executions": -1,
            "role": "arn:aws:iam::492266378106:role/lambda-rafa-Role",
            "runtime": "python2.7",
            "s3_bucket": null,
            "s3_key": null,
            "s3_object_version": null,
            "source_code_hash": "UR48ZtcvetbYjKozOWToueUm06v9oQmY8nnYWdp5pSg=",
            "source_code_size": 667,
            "tags": {},
            "timeout": 3,
            "timeouts": null,
            "tracing_config": [
              {
                "mode": "PassThrough"
              }
            ],
            "version": "$LATEST",
            "vpc_config": []
          },
          "private": "eyJlMmJmYjczMC1lY2FhLTExZTYtOGY4OC0zNDM2M2JjN2M0YzAiOnsiY3JlYXRlIjo2MDAwMDAwMDAwMDB9fQ==",
          "dependencies": [
            "module.iam.aws_iam_role.lambda-role"
          ]
        }
      ]
    },
    {
      "module": "module.lambda",
      "mode": "managed",
      "type": "aws_lambda_function",
      "name": "eliminar",
      "provider": "provider.aws",
      "instances": [
        {
          "schema_version": 0,
          "attributes": {
            "arn": "arn:aws:lambda:us-west-2:492266378106:function:eliminar-pais",
            "dead_letter_config": [],
            "description": "",
            "environment": [],
            "filename": "modules/services/lambda/eliminar-pais.zip",
            "function_name": "eliminar-pais",
            "handler": "lambda_function.lambda_handler",
            "id": "eliminar-pais",
            "invoke_arn": "arn:aws:apigateway:us-west-2:lambda:path/2015-03-31/functions/arn:aws:lambda:us-west-2:492266378106:function:eliminar-pais/invocations",
            "kms_key_arn": "",
            "last_modified": "2020-04-07T22:43:20.064+0000",
            "layers": [],
            "memory_size": 128,
            "publish": false,
            "qualified_arn": "arn:aws:lambda:us-west-2:492266378106:function:eliminar-pais:$LATEST",
            "reserved_concurrent_executions": -1,
            "role": "arn:aws:iam::492266378106:role/lambda-rafa-Role",
            "runtime": "python2.7",
            "s3_bucket": null,
            "s3_key": null,
            "s3_object_version": null,
            "source_code_hash": "XGlEqisRW+6Z9e+AuZwv53aGeitNbixV3qmH0VAZA+0=",
            "source_code_size": 690,
            "tags": {},
            "timeout": 3,
            "timeouts": null,
            "tracing_config": [
              {
                "mode": "PassThrough"
              }
            ],
            "version": "$LATEST",
            "vpc_config": []
          },
          "private": "eyJlMmJmYjczMC1lY2FhLTExZTYtOGY4OC0zNDM2M2JjN2M0YzAiOnsiY3JlYXRlIjo2MDAwMDAwMDAwMDB9fQ==",
          "dependencies": [
            "module.iam.aws_iam_role.lambda-role"
          ]
        }
      ]
    },
    {
      "module": "module.apigw",
      "mode": "managed",
      "type": "aws_lambda_permission",
      "name": "apigw",
      "provider": "provider.aws",
      "instances": [
        {
          "schema_version": 0,
          "attributes": {
            "action": "lambda:InvokeFunction",
            "event_source_token": null,
            "function_name": "registrar-pais",
            "id": "AllowAPIGatewayInvoke",
            "principal": "apigateway.amazonaws.com",
            "qualifier": "",
            "source_account": null,
            "source_arn": "arn:aws:execute-api:us-west-2:492266378106:icbbx20m36/*/*",
            "statement_id": "AllowAPIGatewayInvoke",
            "statement_id_prefix": null
          },
          "private": "bnVsbA==",
          "dependencies": [
            "module.apigw.aws_api_gateway_rest_api.registrar"
          ]
        }
      ]
    }
  ]
}
