{
  "version": 4,
  "terraform_version": "0.12.24",
  "serial": 12,
  "lineage": "83a8f9c6-342f-ac81-257b-2db63897beed",
  "outputs": {},
  "resources": [
    {
      "mode": "managed",
      "type": "aws_dynamodb_table",
      "name": "paisestable",
      "provider": "provider.aws",
      "instances": [
        {
          "schema_version": 1,
          "attributes": {
            "arn": "arn:aws:dynamodb:us-west-2:492266378106:table/rafa-paises",
            "attribute": [
              {
                "name": "capital",
                "type": "S"
              },
              {
                "name": "pais",
                "type": "S"
              }
            ],
            "billing_mode": "PROVISIONED",
            "global_secondary_index": [],
            "hash_key": "pais",
            "id": "rafa-paises",
            "local_secondary_index": [],
            "name": "rafa-paises",
            "point_in_time_recovery": [
              {
                "enabled": false
              }
            ],
            "range_key": "capital",
            "read_capacity": 20,
            "server_side_encryption": [],
            "stream_arn": "",
            "stream_enabled": false,
            "stream_label": "",
            "stream_view_type": "",
            "tags": {
              "Environment": "production",
              "Name": "rafa-paises"
            },
            "timeouts": null,
            "ttl": [
              {
                "attribute_name": "",
                "enabled": false
              }
            ],
            "write_capacity": 20
          },
          "private": "eyJlMmJmYjczMC1lY2FhLTExZTYtOGY4OC0zNDM2M2JjN2M0YzAiOnsiY3JlYXRlIjo2MDAwMDAwMDAwMDAsImRlbGV0ZSI6NjAwMDAwMDAwMDAwLCJ1cGRhdGUiOjM2MDAwMDAwMDAwMDB9LCJzY2hlbWFfdmVyc2lvbiI6IjEifQ=="
        }
      ]
    },
    {
      "module": "module.iam",
      "mode": "managed",
      "type": "aws_iam_role",
      "name": "lambda-role",
      "provider": "provider.aws",
      "instances": [
        {
          "schema_version": 0,
          "attributes": {
            "arn": "arn:aws:iam::492266378106:role/rafa-lambda-Role",
            "assume_role_policy": "{\"Version\":\"2012-10-17\",\"Statement\":[{\"Sid\":\"\",\"Effect\":\"Allow\",\"Principal\":{\"Service\":\"lambda.amazonaws.com\"},\"Action\":\"sts:AssumeRole\"}]}",
            "create_date": "2020-04-03T19:16:04Z",
            "description": "",
            "force_detach_policies": false,
            "id": "rafa-lambda-Role",
            "max_session_duration": 3600,
            "name": "rafa-lambda-Role",
            "name_prefix": null,
            "path": "/",
            "permissions_boundary": null,
            "tags": null,
            "unique_id": "AROAXFHK42N5LFQXO6CBW"
          },
          "private": "bnVsbA=="
        }
      ]
    },
    {
      "module": "module.iam",
      "mode": "managed",
      "type": "aws_iam_role_policy",
      "name": "DynamoDB-Policy",
      "provider": "provider.aws",
      "instances": [
        {
          "schema_version": 0,
          "attributes": {
            "id": "rafa-lambda-Role:rafa-lambda-Role-Policy",
            "name": "rafa-lambda-Role-Policy",
            "name_prefix": null,
            "policy": "{\n    \"Version\": \"2012-10-17\",\n    \"Statement\": [        \n        {\n            \"Sid\": \"SpecificTable\",\n            \"Effect\": \"Allow\",\n            \"Action\": [\n                \"dynamodb:BatchGet*\",\n                \"dynamodb:DescribeStream\",\n                \"dynamodb:DescribeTable\",\n                \"dynamodb:Get*\",\n                \"dynamodb:Query\",\n                \"dynamodb:Scan\",\n                \"dynamodb:BatchWrite*\",\n                \"dynamodb:CreateTable\",\n                \"dynamodb:Delete*\",\n                \"dynamodb:Update*\",\n                \"dynamodb:PutItem\",\n                \"dynamodb:ListStreams\"\n            ],\n            \"Resource\": \"*\"\n        }\n    ]\n}",
            "role": "rafa-lambda-Role"
          },
          "private": "bnVsbA==",
          "dependencies": [
            "module.iam.aws_iam_role.lambda-role"
          ]
        }
      ]
    }
  ]
}
